
Microsoft Visual Studio Solution File, Format Version 12.00
# Visual Studio Version 17
VisualStudioVersion = 17.0.31612.314
MinimumVisualStudioVersion = 10.0.40219.1
Project("{FAE04EC0-301F-11D3-BF4B-00C04F79EFBC}") = "MyCompany", "MyCompany.csproj", "{B37CE601-45B6-4C3F-9BF7-01467A5FBD60}"
EndProject
Global
	GlobalSection(SolutionConfigurationPlatforms) = preSolution
		Debug|Any CPU = Debug|Any CPU
		Release|Any CPU = Release|Any CPU
	EndGlobalSection
	GlobalSection(ProjectConfigurationPlatforms) = postSolution
		{B37CE601-45B6-4C3F-9BF7-01467A5FBD60}.Debug|Any CPU.ActiveCfg = Debug|Any CPU
		{B37CE601-45B6-4C3F-9BF7-01467A5FBD60}.Debug|Any CPU.Build.0 = Debug|Any CPU
		{B37CE601-45B6-4C3F-9BF7-01467A5FBD60}.Release|Any CPU.ActiveCfg = Release|Any CPU
		{B37CE601-45B6-4C3F-9BF7-01467A5FBD60}.Release|Any CPU.Build.0 = Release|Any CPU
	EndGlobalSection
	GlobalSection(SolutionProperties) = preSolution
		HideSolutionNode = FALSE
	EndGlobalSection
	GlobalSection(ExtensibilityGlobals) = postSolution
		SolutionGuid = {4AB97712-15EC-4CEA-877D-54716A773699}
	EndGlobalSection
EndGlobal
